
Microsoft Visual Studio Solution File, Format Version 12.00
# Visual Studio Version 17
VisualStudioVersion = 17.1.32228.430
MinimumVisualStudioVersion = 10.0.40219.1
Project("{2150E333-8FDC-42A3-9474-1A3956D46DE8}") = "Src", "Src", "{304F12FC-6FAC-4B19-BB2D-4148EB7E285E}"
EndProject
Project("{9A19103F-16F7-4668-BE54-9A1E7A4F7556}") = "Northwind.Sqlite.Models", "Src\Northwind.Sqlite.Models\Northwind.Sqlite.Models.csproj", "{CCD68CE6-0CEA-4FF0-A6F5-6FEED9EFA97D}"
EndProject
Project("{FAE04EC0-301F-11D3-BF4B-00C04F79EFBC}") = "Northwind.Sqlite.DataContexts", "Src\Northwind.Sqlite.DataContexts\Northwind.Sqlite.DataContexts.csproj", "{9E657CD3-85C1-4EC0-8604-6BBB248EE99D}"
EndProject
Project("{FAE04EC0-301F-11D3-BF4B-00C04F79EFBC}") = "Northwind.Web", "Src\Northwind.Web\Northwind.Web.csproj", "{BF8BF88D-6AC0-4DDA-91A6-50C6249C7CEE}"
EndProject
Global
	GlobalSection(SolutionConfigurationPlatforms) = preSolution
		Debug|Any CPU = Debug|Any CPU
		Release|Any CPU = Release|Any CPU
	EndGlobalSection
	GlobalSection(ProjectConfigurationPlatforms) = postSolution
		{CCD68CE6-0CEA-4FF0-A6F5-6FEED9EFA97D}.Debug|Any CPU.ActiveCfg = Debug|Any CPU
		{CCD68CE6-0CEA-4FF0-A6F5-6FEED9EFA97D}.Debug|Any CPU.Build.0 = Debug|Any CPU
		{CCD68CE6-0CEA-4FF0-A6F5-6FEED9EFA97D}.Release|Any CPU.ActiveCfg = Release|Any CPU
		{CCD68CE6-0CEA-4FF0-A6F5-6FEED9EFA97D}.Release|Any CPU.Build.0 = Release|Any CPU
		{9E657CD3-85C1-4EC0-8604-6BBB248EE99D}.Debug|Any CPU.ActiveCfg = Debug|Any CPU
		{9E657CD3-85C1-4EC0-8604-6BBB248EE99D}.Debug|Any CPU.Build.0 = Debug|Any CPU
		{9E657CD3-85C1-4EC0-8604-6BBB248EE99D}.Release|Any CPU.ActiveCfg = Release|Any CPU
		{9E657CD3-85C1-4EC0-8604-6BBB248EE99D}.Release|Any CPU.Build.0 = Release|Any CPU
		{BF8BF88D-6AC0-4DDA-91A6-50C6249C7CEE}.Debug|Any CPU.ActiveCfg = Debug|Any CPU
		{BF8BF88D-6AC0-4DDA-91A6-50C6249C7CEE}.Debug|Any CPU.Build.0 = Debug|Any CPU
		{BF8BF88D-6AC0-4DDA-91A6-50C6249C7CEE}.Release|Any CPU.ActiveCfg = Release|Any CPU
		{BF8BF88D-6AC0-4DDA-91A6-50C6249C7CEE}.Release|Any CPU.Build.0 = Release|Any CPU
	EndGlobalSection
	GlobalSection(SolutionProperties) = preSolution
		HideSolutionNode = FALSE
	EndGlobalSection
	GlobalSection(NestedProjects) = preSolution
		{CCD68CE6-0CEA-4FF0-A6F5-6FEED9EFA97D} = {304F12FC-6FAC-4B19-BB2D-4148EB7E285E}
		{9E657CD3-85C1-4EC0-8604-6BBB248EE99D} = {304F12FC-6FAC-4B19-BB2D-4148EB7E285E}
		{BF8BF88D-6AC0-4DDA-91A6-50C6249C7CEE} = {304F12FC-6FAC-4B19-BB2D-4148EB7E285E}
	EndGlobalSection
	GlobalSection(ExtensibilityGlobals) = postSolution
		SolutionGuid = {408F8AA8-027E-4D3F-8F32-B3ADB1920F50}
	EndGlobalSection
EndGlobal
